gogICAgaGFzLXRvc3RyaW5ndGFnOiAibnBtOl4xLjAuMiIKICBjaGVja3N1bTogMTBjMC85N2I0NTFiNDFmMjUxMzVmZjAyMWQ4NWM0MzZmZjAxMDBkODRhMDM5YmI4N2ZmZDc5OWNiY2RiZWE4MWVmMzBjNDY0Y2VkMzgyNThjZGQzNGYwODBiZTA4ZmMzYjA3NmNhMWY0NzIwODYyODZkMmFhNDM1MjFkNmVjNmE3OWY1MwogIGxhbmd1YWdlTmFtZTogbm9kZQogIGxpbmtUeXBlOiBoYXJkCgoiaXMtbnVtYmVyQG5wbTpeNy4wLjAiOgogIHZlcnNpb246IDcuMC4wCiAgcmVzb2x1dGlvbjogImlzLW51bWJlckBucG06Ny4wLjAiCiAgY2hlY2tzdW06IDEwYzAvYjQ2ODZkMGQzMDUzMTQ2MDk1Y2NkNDUzNDY0NjFiYzhlNTNiODBhZWI3NjcxY2M1MmE0ZGUwMmRiYmY3ZGMwZDFkMmE5ODZlMmZlNGFlMjA2OTg0YjRkMzRlZjM3ZThiNzk1ZWJjNGY0Mjk1Yzk3ODM3M2U2NTc1ZTI5NWQ4MTEKICBsYW5ndWFnZU5hbWU6IG5vZGUKICBsaW5rVHlwZTogaGFyZAoKImlzLXBsYWluLW9iamVjdEBucG06XjIuMC4zLCBpcy1wbGFpbi1vYmplY3RAbnBtOl4yLjAuNCI6CiAgdmVyc2lvbjogMi4wLjQKICByZXNvbHV0aW9uOiAiaXMtcGxhaW4tb2JqZWN0QG5wbToyLjAuNCIKICBkZXBlbmRlbmNpZXM6CiAgICBpc29iamVjdDogIm5wbTpeMy4wLjEiCiAgY2hlY2tzdW06IDEwYzAvZjA1MGZkZDUyMDNkOWM4MWU4YzRkZjFiM2ZmNDYxYzRiYzY0ZThiNWNhMzgzYmNkZGU0NjEzMTM2MWQwYTY3OGU4MGJjZjAwYjUyNTc2NDZmNmM2MzYxOTc2Mjk2NDRkNTNiZDhlMjM3NWFlYTYzM2RlMDlhODJkNTdlOTQyZjQKICBsYW5ndWFnZU5hbWU6IG5vZGUKICBsaW5rVHlwZTogaGFyZAoKImlzLXByb21pc2VAbnBtOl4yLjEuMCI6CiAgdmVyc2lvbjogMi4yLjIKICByZXNvbHV0aW9uOiAiaXMtcHJvbWlzZUBucG06Mi4yLjIiCiAgY2hlY2tzdW06IDEwYzAvMmRiYTk1OTgxMjM4MGU0NWIzZGYwZmIxMmU3Y2I0ZDQ1MjhjOTg5YzdhYmIwM2VjZWNiMWQxZmQ2YWIxY2JmZWU5NTZjYTlkYWE1ODdiOWRiMWQ4YWMzYzFlNTczOGNmMjE3YmRiM2RmZDk5ZGY4YzY5MWJlNGMwMGFlMDkwNjkKICBsYW5ndWFnZU5hbWU6IG5vZGUKICBsaW5rVHlwZTogaGFyZAoKImlzLXJlZ2V4QG5wbTpeMS4yLjEiOgogIHZlcnNpb246IDEuMi4xCiAgcmVzb2x1dGlvbjogImlzLXJlZ2V4QG5wbToxLjIuMSIKICBkZXBlbmRlbmNpZXM6CiAgICBjYWxsLWJvdW5kOiAibnBtOl4xLjAuMiIKICAgIGdvcGQ6ICJucG06XjEuMi4wIgogICAgaGFzLXRvc3RyaW5ndGFnOiAibnBtOl4xLjAuMiIKICAgIGhhc293bjogIm5wbTpeMi4wLjIiCiAgY2hlY2tzdW06IDEwYzAvMWQzNzE1ZDJiNzg4OTkzMjM0OTI0MTY4MDAzMmU4NWQwYjQ5MmNmY2IwNDVhY2I3NWZmYzJjMzA4NWU4ZDU2MTE4NGYxZjdlODRiNmY4MzIxOTM1YjRhZWEzOWJjOWM2YmE3NGVkNTk1YjU3Y2U0ODgxYTUxZGZkYmMyMTRlMDQKICBsYW5ndWFnZU5hbWU6IG5vZGUKICBsaW5rVHlwZTogaGFyZAoKImlzLXNldEBucG06XjIuMC4zIjoKICB2ZXJzaW9uOiAyLjAuMwogIHJlc29sdXRpb246ICJpcy1zZXRAbnBtOjIuMC4zIgogIGNoZWNrc3VtOiAxMGMwL2Y3MzczMmUxM2YwOTliMmRjODc5YzJhMTIzNDFjZmMyMmNjYWNhOGRkNTA0ZTZlZGFlMjY0ODRiZDU3MDdhMzVkNTAzZmJhNWI0ZGFhZDUzMGE5YjA4OGNlZDFhZTZjOWQ4MjAwZmQ5MmUwOWI0MjhmZTE0ZWE3OWNlODA4MGI3CiAgbGFuZ3VhZ2VOYW1lOiBub2RlCiAgbGlua1R5cGU6IGhhcmQKCiJpcy1zaGFyZWQtYXJyYXktYnVmZmVyQG5wbTpeMS4wLjQiOgogIHZlcnNpb246IDEuMC40CiAgcmVzb2x1dGlvbjogImlzLXNoYXJlZC1hcnJheS1idWZmZXJAbnBtOjEuMC40IgogIGRlcGVuZGVuY2llczoKICAgIGNhbGwtYm91bmQ6ICJucG06XjEuMC4zIgogIGNoZWNrc3VtOiAxMGMwLzY1MTU4YzJmZWI0MWZmMWVkZDZiYmQ2ZmQ4NDAzYTY5ODYxY2YyNzNmZjM2MDc3OTgyYjVkNGQ2OGUxZDU5Mjc4YzcxNjkxMjE2YTRhNjQ2MzJiZDc2ZDQ3OTJkNGQxZDI1NTM5MDFiNjY2NmQ4NGFkZTEzYmJhNWVhN2JjN2RiCiAgbGFuZ3VhZ2VOYW1lOiBub2RlCiAgbGlua1R5cGU6IGhhcmQKCiJpcy1zdHJpbmdAbnBtOl4xLjEuMSI6CiAgdmVyc2lvbjogMS4xLjEKICByZXNvbHV0aW9uOiAiaXMtc3RyaW5nQG5wbToxLjEuMSIKICBkZXBlbmRlbmNpZXM6CiAgICBjYWxsLWJvdW5kOiAibnBtOl4xLjAuMyIKICAgIGhhcy10b3N0cmluZ3RhZzogIm5wbTpeMS4wLjIiCiAgY2hlY2tzdW06IDEwYzAvMmY1MThiNGU0Nzg4NmJiODE1NjdmYWJhNmZmZDBkOGE4MzMzY2Y4NDMzNmUyZTc4YmYxNjA2OTM5NzJlMzJhZDAwZmU4NGIwOTI2NDkxY2M1OThkZWU1NzZmZGM1NTY0MmM5MmU2MmQwY2JlOTZiZjM2ZjY0M2I2Zjk1NmY5NGQKICBsYW5ndWFnZU5hbWU6IG5vZGUKICBsaW5rVHlwZTogaGFyZAoKImlzLXN5bWJvbEBucG06XjEuMC40LCBpcy1zeW1ib2xAbnBtOl4xLjEuMSI6CiAgdmVyc2lvbjogMS4xLjEKICByZXNvbHV0aW9uOiAiaXMtc3ltYm9sQG5wbToxLjEuMSIKICBkZXBlbmRlbmNpZXM6CiAgICBjYWxsLWJvdW5kOiAibnBtOl4xLjAuMiIKICAgIGhhcy1zeW1ib2xzOiAibnBtOl4xLjEuMCIKICAgIHNhZmUtcmVnZXgtdGVzdDogIm5wbTpeMS4xLjAiCiAgY2hlY2tzdW06IDEwYzAvZjA4ZjNlMjU1YzEyNDQyZTgzM2Y3NWE5ZTJiODRiMmQ0ODgyZmRmZDkyMDUxM2NmMmE0YTIzMjRmMGE1YjA3NmM4ZmQ5MTM3NzhlM2VhNWQyNThkNTE4M2U5ZDkyYzBjZDIwZTA0YjAzYWIzZGYwNTMxNmIwNDliMjY3MGFmMWUKICBsYW5ndWFnZU5hbWU6IG5vZGUKICBsaW5rVHlwZTogaGFyZAoKImlzLXR5cGVkLWFycmF5QG5wbTpeMS4xLjEzLCBpcy10eXBlZC1hcnJheUBucG06XjEuMS4xNCwgaXMtdHlwZWQtYXJyYXlAbnBtOl4xLjEuMTUiOgogIHZlcnNpb246IDEuMS4xNQogIHJlc29sdXRpb246ICJpcy10eXBlZC1hcnJheUBucG06MS4xLjE1IgogIGRlcGVuZGVuY2llczoKICAgIHdoaWNoLXR5cGVkLWFycmF5OiAibnBtOl4xLjEuMTYiCiAgY2hlY2tzdW06IDEwYzAvNDE1NTExZGEzNjY5ZTM2ZTAwMjgyMDU4NGUyNjQ5OTdmZmUyNzdmZjEzNjY0M2EzMTI2Y2M5NDkxOTdlNmNhMzMzNGQwZjEyZDA4NGU4M2IxOTk0YWYyZTljODE0MTI3NWM3NDFjZjJiN2RhNWEyZmY2MmRkMGNhYzI2Zjc2YzQKICBsYW5ndWFnZU5hbWU6IG5vZGUKICBsaW5rVHlwZTogaGFyZAoKImlzLXdlYWttYXBAbnBtOl4yLjAuMiI6CiAgdmVyc2lvbjogMi4wLjIKICByZXNvbHV0aW9uOiAiaXMtd2Vha21hcEBucG06Mi4wLjIiCiAgY2hlY2tzdW06IDEwYzAvNDQzYzM1YmI4NmQ1ZTZjYzU5MjljZDljNzVhNDAyNGJiMGZmZjk1ODZlZDUwYjA5MmY5NGU3MDBiODljNDNhMzNiMTg2Yjc2ZGJjNmQ1NGYzZDNkMDllY2U2ODlhYjM4ZGNkYzFhZjZhNDgyY2JlNzljMGYyZGEwYTE3ZjEyOTkKICBsYW5ndWFnZU5hbWU6IG5vZGUKICBsaW5rVHlwZTogaGFyZAoKImlzLXdlYWtyZWZAbnBtOl4xLjAuMiwgaXMtd2Vha3JlZkBucG06XjEuMS4xIjoKICB2ZXJzaW9uOiAxLjEuMQogIHJlc29sdXRpb246ICJpcy13ZWFrcmVmQG5wbToxLjEuMSIKICBkZXBlbmRlbmNpZXM6CiAgICBjYWxsLWJvdW5kOiAibnBtOl4xLjAuMyIKICBjaGVja3N1bTogMTBjMC84ZTBhOWMwN2IwYzc4MDk0OWExMDBlMmNhYjJiNTU2MGE0OGVjZDRjNjE3MjY5MjNjMWE5Yjc3YjZhYjBhYTAwNDZjOWU3ZmIyMjA2MDQyMjk2ODE3MDQ1Mzc2ZGVlMmM4YWIxZGFiZTA4YzdjM2RmYmYxOTViMDEyNzVhMDg1YgogIGxhbmd1YWdlTmFtZTogbm9kZQogIGxpbmtUeXBlOiBoYXJkCgoiaXMtd2Vha3NldEBucG06XjIuMC4zIjoKICB2ZXJzaW9uOiAyLjAuNAogIHJlc29sdXRpb246ICJpcy13ZWFrc2V0QG5wbToyLjAuNCIKICBkZXBlbmRlbmNpZXM6CiAgICBjYWxsLWJvdW5kOiAibnBtOl4xLjAuMyIKICAgIGdldC1pbnRyaW5zaWM6ICJucG06XjEuMi42IgogIGNoZWNrc3VtOiAxMGMwLzY0OTFlYmEwOGFjYjhkYzk1MzJkYTIzY2IyMjZiN2QwMTkyZWRlMGI4OGYxNjE5OWU1OTJlNDc2OWRiMGEwNzcxMTljMWY1ZDIyODNkMWUwZDE2ZDczOTExNWY3MDA0NmU4ODdlNDc3ZWIwZTY2Y2Q5MGUxYmIyOWYyOGJhNjQ3CiAgbGFuZ3VhZ2VOYW1lOiBub2RlCiAgbGlua1R5cGU6IGhhcmQKCiJpc2FycmF5QG5wbTpeMi4wLjUiOgogIHZlcnNpb246IDIuMC41CiAgcmVzb2x1dGlvbjogImlzYXJyYXlAbnBtOjIuMC41IgogIGNoZWNrc3VtOiAxMGMwLzQxOTlmMTRhN2ExM2RhMjE3N2M2NmMzMTA4MDAwOGI3MTI0MzMxOTU2ZjQ3YmNhNTdkZDBiNmVhOWYxMTY4N2FhMjVlNTY1YTJjN2EyYjUxOWJjODY5ODhkMTAzOThlMzA0OWExZjVkZjEzYzlmNmI3NjY0MTU0NjkwYWU3OWZkCiAgbGFuZ3VhZ2VOYW1lOiBub2RlCiAgbGlua1R5cGU6IGhhcmQKCiJpc2V4ZUBucG06XjIuMC4wIjoKICB2ZXJzaW9uOiAyLjAuMAogIHJlc29sdXRpb246ICJpc2V4ZUBucG06Mi4wLjAiCiAgY2hlY2tzdW06IDEwYzAvMjI4Y2ZhNTAzZmFkYzJjMzE1OTZhYjA2ZWQ2YWE4MmM5OTc2ZWVjMmJmZDgzMzk3ZTdlYWYwNmQwY2NmNDJjZDFkZmQ2NzQzYmY5YWViMDFhZWJkNDE1NmQwMDk5OTRjNWY3NmVhODk4ZDI4MzJjMWZlMzQyZGE5MjNjYTQ1N2QKICBsYW5ndWFnZU5hbWU6IG5vZGUKICBsaW5rVHlwZTogaGFyZAoKImlzb2JqZWN0QG5wbTpeMy4wLjEiOgogIHZlcnNpb246IDMuMC4xCiAgcmVzb2x1dGlvbjogImlzb2JqZWN0QG5wbTozLjAuMSIKICBjaGVja3N1bTogMTBjMC8wMzM0NGY1MDY0YTgyZjA5OWEwY2QxYThhNDA3ZjRjMGQyMGI3Yjg0ODVlOGU4MTZjMzlmMjQ5ZTk0MTZiMDZjMzIyZThkZWM1Yjg0MmI2YmI4YTA2ZGUwYWY5Y2I0OGU3YmMxYjUzNTJmMGZhZGMyZjBhYmFjMDMzZGIzZDRkYgogIGxhbmd1YWdlTmFtZTogbm9kZQogIGxpbmtUeXBlOiBoYXJkCgoiaXRlcmF0b3IucHJvdG90eXBlQG5wbTpeMS4xLjQiOgogIHZlcnNpb246IDEuMS41CiAgcmVzb2x1dGlvbjogIml0ZXJhdG9yLnByb3RvdHlwZUBucG06MS4xLjUiCiAgZGVwZW5kZW5jaWVzOgogICAgZGVmaW5lLWRhdGEtcHJvcGVydHk6ICJucG06XjEuMS40IgogICAgZXMtb2JqZWN0LWF0b21zOiAibnBtOl4xLjAuMCIKICAgIGdldC1pbnRyaW5zaWM6ICJucG06XjEuMi42IgogICAgZ2V0LXByb3RvOiAibnBtOl4xLjAuMCIKICAgIGhhcy1zeW1ib2xzOiAibnBtOl4xLjEuMCIKICAgIHNldC1mdW5jdGlvbi1uYW1lOiAibnBtOl4yLjAuMiIKICBjaGVja3N1bTogMTBjMC9mN2EyNjI4MDhlMWI0MTA0OWFiNTVmMWU5YzI5YWY3ZWMxMDI1YTAwMGQyNDNiODNlZGYzNGNlMjQxNmVlZGQ1NjA3OWIxMTdmYTU5Mzc2YmI0YTcyNDExMDY5MGYxM2FhODQyN2YyZWUyOWEwOWVlYzYzYTdlNzIzNjc2MjZkMAogIGxhbmd1YWdlTmFtZTogbm9kZQogIGxpbmtUeXBlOiBoYXJkCgoiaXRzLWZpbmVAbnBtOl4yLjAuMCI6CiAgdmVyc2lvbjogMi4wLjAKICByZXNvbHV0aW9uOiAiaXRzLWZpbmVAbnBtOjIuMC4wIgogIGRlcGVuZGVuY2llczoKICAgICJAdHlwZXMvcmVhY3QtcmVjb25jaWxlciI6ICJucG06XjAuMjguOSIKICBwZWVyRGVwZW5kZW5jaWVzOgogICAgcmVhY3Q6IF4xOS4wLjAKICBjaGVja3N1bTogMTBjMC8xZmYxZmYzMjU3YzBjN2ViMTE1YzljMjZjZjA1MDZlYjg0MTYyZWRjMWE2M2QzMTM2NzgwZDE0NmY3Yzc4MzMyOThiMjQwZDBmY2I0Njg4ODkwOTc3M2YxYTdkMTY1MzllMGMwM2YyNDgyY2ZmMWE1YTUwMmQ2NDM2Njg2ZmUyMQogIGxhbmd1YWdlTmFtZTogbm9kZQogIGxpbmtUeXBlOiBoYXJkCgoiaml0aUBucG06XjIuNi4xIjoKICB2ZXJzaW9uOiAyLjYuMQogIHJlc29sdXRpb246ICJqaXRpQG5wbToyLjYuMSIKICBiaW46CiAgICBqaXRpOiBsaWIvaml0aS1jbGkubWpzCiAgY2hlY2tzdW06IDEwYzAvNzliMmU5NmE4ZTYyM2Y2NmMxYjcwM2I5OGVjMWI4YmU0NTAwZTFkMjE3ZTA5YjA5ZTM0MzQ3MWJiYjljMTA1MzgxYjgzZWRiYjk3OWQwMWNlZjE4MzE4Y2M0NWNlNmUxNTM1NzFiNmM4MzEyMjE3MGVlZmE1MzFjNjRiNjc4OWIKICBsYW5ndWFnZU5hbWU6IG5vZGUKICBsaW5rVHlwZTogaGFyZAoKImpzLXRva2Vuc0BucG06XjMuMC4wIHx8IF40LjAuMCwganMtdG9rZW5zQG5wbTpeNC4wLjAiOgogIHZlcnNpb246IDQuMC4wCiAgcmVzb2x1dGlvbjogImpzLXRva2Vuc0BucG06NC4wLjAiCiAgY2hlY2tzdW06IDEwYzAvZTI0ODcwOGQzNzdhYTA1OGVhY2YyMDM3YjA3ZGVkODQ3NzkwZTZkZTg5MmJiYWQzZGFjMGFiYmEyZTc1OWNiOWYxMjFiMDAwOTlhNjUxOTU2MTZiYWRjYjZlY2E4ZDE0ZDk3NWNiM2U4OWViMWNmZGE2NDQ3NTY0MDJjOGFlZWQKICBsYW5ndWFnZU5hbWU6IG5vZGUKICBsaW5rVHlwZTogaGFyZAoKImpzLXlhbWxAbnBtOl40LjEuMSI6CiAgdmVyc2lvbjogNC4xLjEKICByZXNvbHV0aW9uOiAianMteWFtbEBucG06NC4xLjEiCiAgZGVwZW5kZW5jaWVzOgogICAgYXJncGFyc2U6ICJucG06XjIuMC4xIgogIGJpbjoKICAgIGpzLXlhbWw6IGJpbi9qcy15YW1sLmpzCiAgY2hlY2tzdW06IDEwYzAvNTYxYzdkNzA4OGM0MGE5YmI1M2NjNzViZWNiZmIxZGY2YWU0OWIzNGI1ZTZlNWE4MTc0NGIxNGFlODY2N2VjNTY0YWQyNTI3NzA5ZDFhNmU3ZDVlNWZhNmQ0ODNhYTBmMzczYTUwYWQ5OGQ0MmZkZTM2OGVjNGExOTBkNGZhZTcKICBsYW5ndWFnZU5hbWU6IG5vZGUKICBsaW5rVHlwZTogaGFyZAoKImpzZXNjQG5wbTpeMy4wLjIiOgogIHZlcnNpb246IDMuMS4wCiAgcmVzb2x1dGlvbjogImpzZXNjQG5wbTozLjEuMCIKICBiaW46CiAgICBqc2VzYzogYmluL2pzZXNjCiAgY2hlY2tzdW06IDEwYzAvNTMxNzc5ZGY1ZWM5NGY0N2U0NjJkYTI2YjRjYmYwNWViODhhODNkOWYwOGFhYzJiYTA0MjA2NTA4ZmM1OTg1MjdhMTUzZDA4YmQ0NjJiYWU4MmZjNzhiM2VhYTFhOTA4ZTFhNGE3OWY4ODZlOTIzODY0MWM0Y2RlZmFmMTE4YjEKICBsYW5ndWFnZU5hbWU6IG5vZGUKICBsaW5rVHlwZTogaGFyZAoKImpzb24tYnVmZmVyQG5wbTozLjAuMSI6CiAgdmVyc2lvbjogMy4wLjEKICByZXNvbHV0aW9uOiAianNvbi1idWZmZXJAbnBtOjMuMC4xIgogIGNoZWNrc3VtOiAxMGMwLzBkMWM5MTU2OWQ5NTg4ZTdlZWYyYjQ5YjU5ODUxZjI5N2YzYWI5M2M3YjM1YzdjMjIxZTI4ODA5OTMyMmJlNmI1NjI3NjdkMTFlNDgyMWRhNTAwZjMyMTk1NDJiOWFmZDJlNTRjNWRjNTczMTA3YzExMjZlZDEwODBmOGU5NmQ3CiAgbGFuZ3VhZ2VOYW1lOiBub2RlCiAgbGlua1R5cGU6IGhhcmQKCiJqc29uLXNjaGVtYS10cmF2ZXJzZUBucG06XjAuNC4xIjoKICB2ZXJzaW9uOiAwLjQuMQogIHJlc29sdXRpb246ICJqc29uLXNjaGVtYS10cmF2ZXJzZUBucG06MC40LjEiCiAgY2hlY2tzdW06IDEwYzAvMTA4ZmE5MGQ0Y2M2ZjA4MjQzYWVkYzZkYTE2YzQwOGRhZjgxNzkzYmZ9